{
  "name": "wdd_HW",
  "version": "1.0.0",
  "lockfileVersion": 1,
  "requires": true,
  "dependencies": {
    "overlayscrollbars": {
      "version": "1.13.1",
      "resolved": "https://registry.npmjs.org/overlayscrollbars/-/overlayscrollbars-1.13.1.tgz",
      "integrity": "sha512-gIQfzgGgu1wy80EB4/6DaJGHMEGmizq27xHIESrzXq0Y/J0Ay1P3DWk6tuVmEPIZH15zaBlxeEJOqdJKmowHCQ=="
    },
    "tua-body-scroll-lock": {
      "version": "1.2.1",
      "resolved": "https://registry.npmjs.org/tua-body-scroll-lock/-/tua-body-scroll-lock-1.2.1.tgz",
      "integrity": "sha512-DuGbQxIBSbz7/aAwh0oMThOwCwDdYzsU8nF5XQPAvoeOBWp/qhjrZfOtc84gj6CQLZu5L1+TgMNX6fW3OuafHA=="
    },
    "vanilla-lazyload": {
      "version": "17.8.3",
      "resolved": "https://registry.npmjs.org/vanilla-lazyload/-/vanilla-lazyload-17.8.3.tgz",
      "integrity": "sha512-0eYjhkSkfP/JCDIzVpmgnh9I3XKAA8/i/6FpRrH8qjcC+nHv5mYZ6DQZUIGU16TqJei23hHl0J/Zuv/zmCC2Zw=="
    }
  }
}
